{
  "nodes": {
    "htracer": {
      "inputs": {
        "nixpkgs": "nixpkgs"
      },
      "locked": {
        "lastModified": 1667833732,
        "narHash": "sha256-3DLfAWnR9zIgZ85JHUXOuVSu4WRT99UfehJZGqmZrjE=",
        "owner": "hydn10",
        "repo": "htracer",
        "rev": "0adc039e7d23bb1e1407f64172601a41bb659c2f",
        "type": "github"
      },
      "original": {
        "owner": "hydn10",
        "repo": "htracer",
        "type": "github"
      }
    },
    "nixpkgs": {
      "locked": {
        "lastModified": 1667379994,
        "narHash": "sha256-PFOg8WHqfKXsIGZtEC0aB+rl8SB1cXvA01ytIudnRh8=",
        "owner": "NixOS",
        "repo": "nixpkgs",
        "rev": "a704b9029586266f63807f64a6718f1a65b0f83b",
        "type": "github"
      },
      "original": {
        "id": "nixpkgs",
        "type": "indirect"
      }
    },
    "nixpkgs_2": {
      "locked": {
        "lastModified": 1667669848,
        "narHash": "sha256-nD2dk2A+1zUlUT18ppDFVWwimi26+ultc2QRsulQwQ8=",
        "owner": "NixOS",
        "repo": "nixpkgs",
        "rev": "1f3ebb2bd1a353a42e8f833895c26d8415c7b791",
        "type": "github"
      },
      "original": {
        "id": "nixpkgs",
        "type": "indirect"
      }
    },
    "root": {
      "inputs": {
        "htracer": "htracer",
        "nixpkgs": "nixpkgs_2"
      }
    }
  },
  "root": "root",
  "version": 7
}
