{
  "nodes": {
    "htracer": {
      "inputs": {
        "nixpkgs": "nixpkgs"
      },
      "locked": {
        "lastModified": 1655208018,
        "narHash": "sha256-1lYbuYHZ6D0/g6/b9lokj3A+2N4+n6Qf96ywFrg9yQk=",
        "owner": "hydn10",
        "repo": "htracer",
        "rev": "a80dda2a36728abe932fe10043312993e5794caf",
        "type": "github"
      },
      "original": {
        "owner": "hydn10",
        "repo": "htracer",
        "type": "github"
      }
    },
    "nixpkgs": {
      "locked": {
        "lastModified": 1655183247,
        "narHash": "sha256-RQwSjdHA3MY/UpKpuT+Nv5HfFj8yCQHwKLd287j9jbE=",
        "owner": "NixOS",
        "repo": "nixpkgs",
        "rev": "3c2068d6c90cab895afad0f8249fcf968aea4bca",
        "type": "github"
      },
      "original": {
        "id": "nixpkgs",
        "type": "indirect"
      }
    },
    "nixpkgs_2": {
      "locked": {
        "lastModified": 1655183247,
        "narHash": "sha256-RQwSjdHA3MY/UpKpuT+Nv5HfFj8yCQHwKLd287j9jbE=",
        "owner": "NixOS",
        "repo": "nixpkgs",
        "rev": "3c2068d6c90cab895afad0f8249fcf968aea4bca",
        "type": "github"
      },
      "original": {
        "id": "nixpkgs",
        "type": "indirect"
      }
    },
    "root": {
      "inputs": {
        "htracer": "htracer",
        "nixpkgs": "nixpkgs_2"
      }
    }
  },
  "root": "root",
  "version": 7
}
